// !$*UTF8*$!
{
	archiveVersion = 1;
	classes = {
	};
	objectVersion = 46;
	objects = {

/* Begin PBXBuildFile section */
		C93FAC7D1ACB8CE300D79F50 /* Photograph.m in Sources */ = {isa = PBXBuildFile; fileRef = C93FAC7C1ACB8CE300D79F50 /* Photograph.m */; };
		C97007331AD7664E00FAE440 /* OpenGLES.framework in Frameworks */ = {isa = PBXBuildFile; fileRef = C97007321AD7664E00FAE440 /* OpenGLES.framework */; };
		C98ECA491AB74E730002A661 /* MenuCell.m in Sources */ = {isa = PBXBuildFile; fileRef = C98ECA481AB74E730002A661 /* MenuCell.m */; };
		C98ECA501AB7AE950002A661 /* Bolts.framework in Frameworks */ = {isa = PBXBuildFile; fileRef = C98ECA4B1AB7AE950002A661 /* Bolts.framework */; };
		C98ECA511AB7AE950002A661 /* Parse.framework in Frameworks */ = {isa = PBXBuildFile; fileRef = C98ECA4C1AB7AE950002A661 /* Parse.framework */; };
		C98ECA521AB7AE950002A661 /* ParseCrashReporting.framework in Frameworks */ = {isa = PBXBuildFile; fileRef = C98ECA4D1AB7AE950002A661 /* ParseCrashReporting.framework */; };
		C98ECA531AB7AE950002A661 /* ParseFacebookUtils.framework in Frameworks */ = {isa = PBXBuildFile; fileRef = C98ECA4E1AB7AE950002A661 /* ParseFacebookUtils.framework */; };
		C98ECA541AB7AE950002A661 /* ParseUI.framework in Frameworks */ = {isa = PBXBuildFile; fileRef = C98ECA4F1AB7AE950002A661 /* ParseUI.framework */; };
		C98ECA561AB7AF4D0002A661 /* AudioToolbox.framework in Frameworks */ = {isa = PBXBuildFile; fileRef = C98ECA551AB7AF4D0002A661 /* AudioToolbox.framework */; };
		C98ECA581AB7AF590002A661 /* CFNetwork.framework in Frameworks */ = {isa = PBXBuildFile; fileRef = C98ECA571AB7AF590002A661 /* CFNetwork.framework */; };
		C98ECA5A1AB7AF650002A661 /* CoreGraphics.framework in Frameworks */ = {isa = PBXBuildFile; fileRef = C98ECA591AB7AF650002A661 /* CoreGraphics.framework */; };
		C98ECA5C1AB7AF700002A661 /* CoreLocation.framework in Frameworks */ = {isa = PBXBuildFile; fileRef = C98ECA5B1AB7AF700002A661 /* CoreLocation.framework */; };
		C98ECA5E1AB7AF7B0002A661 /* MobileCoreServices.framework in Frameworks */ = {isa = PBXBuildFile; fileRef = C98ECA5D1AB7AF7B0002A661 /* MobileCoreServices.framework */; };
		C98ECA601AB7AF840002A661 /* QuartzCore.framework in Frameworks */ = {isa = PBXBuildFile; fileRef = C98ECA5F1AB7AF840002A661 /* QuartzCore.framework */; };
		C98ECA621AB7AF8C0002A661 /* Security.framework in Frameworks */ = {isa = PBXBuildFile; fileRef = C98ECA611AB7AF8C0002A661 /* Security.framework */; };
		C98ECA641AB7AF970002A661 /* StoreKit.framework in Frameworks */ = {isa = PBXBuildFile; fileRef = C98ECA631AB7AF970002A661 /* StoreKit.framework */; };
		C98ECA661AB7AFA30002A661 /* SystemConfiguration.framework in Frameworks */ = {isa = PBXBuildFile; fileRef = C98ECA651AB7AFA30002A661 /* SystemConfiguration.framework */; };
		C98ECA681AB7AFB50002A661 /* libz.dylib in Frameworks */ = {isa = PBXBuildFile; fileRef = C98ECA671AB7AFB50002A661 /* libz.dylib */; };
		C98ECA6A1AB7AFC60002A661 /* libsqlite3.dylib in Frameworks */ = {isa = PBXBuildFile; fileRef = C98ECA691AB7AFC60002A661 /* libsqlite3.dylib */; };
		C98ECA701AB7C3BB0002A661 /* DataModel.m in Sources */ = {isa = PBXBuildFile; fileRef = C98ECA6F1AB7C3BB0002A661 /* DataModel.m */; };
		C98ECA761AB7C4560002A661 /* InitialViewController.m in Sources */ = {isa = PBXBuildFile; fileRef = C98ECA751AB7C4560002A661 /* InitialViewController.m */; };
		C9A1E8F11AC0B92A00AE2621 /* PhotoViewViewController.m in Sources */ = {isa = PBXBuildFile; fileRef = C9A1E8F01AC0B92A00AE2621 /* PhotoViewViewController.m */; };
		C9AC790A1ABF820C000FAA28 /* AboutViewController.m in Sources */ = {isa = PBXBuildFile; fileRef = C9AC79091ABF820C000FAA28 /* AboutViewController.m */; };
		C9B7867F1AD0407C00BE6076 /* pisu.ttf in Resources */ = {isa = PBXBuildFile; fileRef = C9B7867E1AD0407C00BE6076 /* pisu.ttf */; };
		C9B786811AD0410600BE6076 /* entsans.ttf in Resources */ = {isa = PBXBuildFile; fileRef = C9B786801AD0410600BE6076 /* entsans.ttf */; };
		C9B986D01AC602C100E0D025 /* AdminAboutViewController.m in Sources */ = {isa = PBXBuildFile; fileRef = C9B986CF1AC602C100E0D025 /* AdminAboutViewController.m */; };
		C9B986D31AC6377600E0D025 /* AdminGalleryViewController.m in Sources */ = {isa = PBXBuildFile; fileRef = C9B986D21AC6377600E0D025 /* AdminGalleryViewController.m */; };
		C9BA4CD41ACEFED200330EC4 /* Gasalt-Black.ttf in Resources */ = {isa = PBXBuildFile; fileRef = C9BA4CD31ACEFED200330EC4 /* Gasalt-Black.ttf */; };
		C9BAB2D21ABE462200A050C2 /* BlogViewController.m in Sources */ = {isa = PBXBuildFile; fileRef = C9BAB2D11ABE462200A050C2 /* BlogViewController.m */; };
		C9BABC841AD4C8F800D59C4D /* Images.xcassets in Resources */ = {isa = PBXBuildFile; fileRef = C9BABC831AD4C8F800D59C4D /* Images.xcassets */; };
		C9BBF5061ACE1AE2001BF439 /* MANIFESTO.ttf in Resources */ = {isa = PBXBuildFile; fileRef = C9BBF5051ACE1AE2001BF439 /* MANIFESTO.ttf */; };
		C9BBF5081ACE1BD1001BF439 /* Track.ttf in Resources */ = {isa = PBXBuildFile; fileRef = C9BBF5071ACE1BD1001BF439 /* Track.ttf */; };
		C9BBF50A1ACE1C5D001BF439 /* Komoda.otf in Resources */ = {isa = PBXBuildFile; fileRef = C9BBF5091ACE1C5D001BF439 /* Komoda.otf */; };
		C9BBF50C1ACE1F17001BF439 /* Walkway_UltraBold.ttf in Resources */ = {isa = PBXBuildFile; fileRef = C9BBF50B1ACE1F17001BF439 /* Walkway_UltraBold.ttf */; };
		C9BBF5141ACE2ABF001BF439 /* TheMedic-Regular.ttf in Resources */ = {isa = PBXBuildFile; fileRef = C9BBF5131ACE2ABF001BF439 /* TheMedic-Regular.ttf */; };
		C9BC0CBC1AB91B59000824DF /* RootViewController.m in Sources */ = {isa = PBXBuildFile; fileRef = C9BC0CBB1AB91B59000824DF /* RootViewController.m */; };
		C9BC0CBF1AB91CF6000824DF /* GalleryViewController.m in Sources */ = {isa = PBXBuildFile; fileRef = C9BC0CBE1AB91CF6000824DF /* GalleryViewController.m */; };
		C9BC0DEB1ABBCBDF00393A73 /* GalleryCell.m in Sources */ = {isa = PBXBuildFile; fileRef = C9BC0DEA1ABBCBDF00393A73 /* GalleryCell.m */; };
		C9BC4CE11AC4AE80005C0AC1 /* MessageUI.framework in Frameworks */ = {isa = PBXBuildFile; fileRef = C9BC4CE01AC4AE80005C0AC1 /* MessageUI.framework */; };
		C9BC4CE41AC4B5B2005C0AC1 /* NavigationController.m in Sources */ = {isa = PBXBuildFile; fileRef = C9BC4CE31AC4B5B2005C0AC1 /* NavigationController.m */; };
		C9BC7AD51AD9E3B400AD1C88 /* ImagePicker.m in Sources */ = {isa = PBXBuildFile; fileRef = C9BC7AD41AD9E3B400AD1C88 /* ImagePicker.m */; };
		C9C79B2F1AAFDD0500699CDD /* main.m in Sources */ = {isa = PBXBuildFile; fileRef = C9C79B2E1AAFDD0500699CDD /* main.m */; };
		C9C79B321AAFDD0500699CDD /* AppDelegate.m in Sources */ = {isa = PBXBuildFile; fileRef = C9C79B311AAFDD0500699CDD /* AppDelegate.m */; };
		C9C79B381AAFDD0500699CDD /* Main.storyboard in Resources */ = {isa = PBXBuildFile; fileRef = C9C79B361AAFDD0500699CDD /* Main.storyboard */; };
		C9C79B3D1AAFDD0500699CDD /* LaunchScreen.xib in Resources */ = {isa = PBXBuildFile; fileRef = C9C79B3B1AAFDD0500699CDD /* LaunchScreen.xib */; };
		C9C79B491AAFDD0500699CDD /* PhotographerTests.m in Sources */ = {isa = PBXBuildFile; fileRef = C9C79B481AAFDD0500699CDD /* PhotographerTests.m */; };
		C9CC16961AEC5C46002875D5 /* FeaturedAdminViewController.m in Sources */ = {isa = PBXBuildFile; fileRef = C9CC16951AEC5C46002875D5 /* FeaturedAdminViewController.m */; };
		C9E054971AB9272000E6C0D0 /* ContactViewController.m in Sources */ = {isa = PBXBuildFile; fileRef = C9E054961AB9272000E6C0D0 /* ContactViewController.m */; };
/* End PBXBuildFile section */

/* Begin PBXContainerItemProxy section */
		C9C79B431AAFDD0500699CDD /* PBXContainerItemProxy */ = {
			isa = PBXContainerItemProxy;
			containerPortal = C9C79B211AAFDD0400699CDD /* Project object */;
			proxyType = 1;
			remoteGlobalIDString = C9C79B281AAFDD0500699CDD;
			remoteInfo = Photographer;
		};
/* End PBXContainerItemProxy section */

/* Begin PBXFileReference section */
		C93FAC7B1ACB8CE300D79F50 /* Photograph.h */ = {isa = PBXFileReference; fileEncoding = 4; lastKnownFileType = sourcecode.c.h; path = Photograph.h; sourceTree = "<group>"; };
		C93FAC7C1ACB8CE300D79F50 /* Photograph.m */ = {isa = PBXFileReference; fileEncoding = 4; lastKnownFileType = sourcecode.c.objc; path = Photograph.m; sourceTree = "<group>"; };
		C97007321AD7664E00FAE440 /* OpenGLES.framework */ = {isa = PBXFileReference; lastKnownFileType = wrapper.framework; name = OpenGLES.framework; path = System/Library/Frameworks/OpenGLES.framework; sourceTree = SDKROOT; };
		C98ECA471AB74E730002A661 /* MenuCell.h */ = {isa = PBXFileReference; fileEncoding = 4; lastKnownFileType = sourcecode.c.h; path = MenuCell.h; sourceTree = "<group>"; };
		C98ECA481AB74E730002A661 /* MenuCell.m */ = {isa = PBXFileReference; fileEncoding = 4; lastKnownFileType = sourcecode.c.objc; path = MenuCell.m; sourceTree = "<group>"; };
		C98ECA4B1AB7AE950002A661 /* Bolts.framework */ = {isa = PBXFileReference; lastKnownFileType = wrapper.framework; path = Bolts.framework; sourceTree = "<group>"; };
		C98ECA4C1AB7AE950002A661 /* Parse.framework */ = {isa = PBXFileReference; lastKnownFileType = wrapper.framework; path = Parse.framework; sourceTree = "<group>"; };
		C98ECA4D1AB7AE950002A661 /* ParseCrashReporting.framework */ = {isa = PBXFileReference; lastKnownFileType = wrapper.framework; path = ParseCrashReporting.framework; sourceTree = "<group>"; };
		C98ECA4E1AB7AE950002A661 /* ParseFacebookUtils.framework */ = {isa = PBXFileReference; lastKnownFileType = wrapper.framework; path = ParseFacebookUtils.framework; sourceTree = "<group>"; };
		C98ECA4F1AB7AE950002A661 /* ParseUI.framework */ = {isa = PBXFileReference; lastKnownFileType = wrapper.framework; path = ParseUI.framework; sourceTree = "<group>"; };
		C98ECA551AB7AF4D0002A661 /* AudioToolbox.framework */ = {isa = PBXFileReference; lastKnownFileType = wrapper.framework; name = AudioToolbox.framework; path = System/Library/Frameworks/AudioToolbox.framework; sourceTree = SDKROOT; };
		C98ECA571AB7AF590002A661 /* CFNetwork.framework */ = {isa = PBXFileReference; lastKnownFileType = wrapper.framework; name = CFNetwork.framework; path = System/Library/Frameworks/CFNetwork.framework; sourceTree = SDKROOT; };
		C98ECA591AB7AF650002A661 /* CoreGraphics.framework */ = {isa = PBXFileReference; lastKnownFileType = wrapper.framework; name = CoreGraphics.framework; path = System/Library/Frameworks/CoreGraphics.framework; sourceTree = SDKROOT; };
		C98ECA5B1AB7AF700002A661 /* CoreLocation.framework */ = {isa = PBXFileReference; lastKnownFileType = wrapper.framework; name = CoreLocation.framework; path = System/Library/Frameworks/CoreLocation.framework; sourceTree = SDKROOT; };
		C98ECA5D1AB7AF7B0002A661 /* MobileCoreServices.framework */ = {isa = PBXFileReference; lastKnownFileType = wrapper.framework; name = MobileCoreServices.framework; path = System/Library/Frameworks/MobileCoreServices.framework; sourceTree = SDKROOT; };
		C98ECA5F1AB7AF840002A661 /* QuartzCore.framework */ = {isa = PBXFileReference; lastKnownFileType = wrapper.framework; name = QuartzCore.framework; path = System/Library/Frameworks/QuartzCore.framework; sourceTree = SDKROOT; };
		C98ECA611AB7AF8C0002A661 /* Security.framework */ = {isa = PBXFileReference; lastKnownFileType = wrapper.framework; name = Security.framework; path = System/Library/Frameworks/Security.framework; sourceTree = SDKROOT; };
		C98ECA631AB7AF970002A661 /* StoreKit.framework */ = {isa = PBXFileReference; lastKnownFileType = wrapper.framework; name = StoreKit.framework; path = System/Library/Frameworks/StoreKit.framework; sourceTree = SDKROOT; };
		C98ECA651AB7AFA30002A661 /* SystemConfiguration.framework */ = {isa = PBXFileReference; lastKnownFileType = wrapper.framework; name = SystemConfiguration.framework; path = System/Library/Frameworks/SystemConfiguration.framework; sourceTree = SDKROOT; };
		C98ECA671AB7AFB50002A661 /* libz.dylib */ = {isa = PBXFileReference; lastKnownFileType = "compiled.mach-o.dylib"; name = libz.dylib; path = usr/lib/libz.dylib; sourceTree = SDKROOT; };
		C98ECA691AB7AFC60002A661 /* libsqlite3.dylib */ = {isa = PBXFileReference; lastKnownFileType = "compiled.mach-o.dylib"; name = libsqlite3.dylib; path = usr/lib/libsqlite3.dylib; sourceTree = SDKROOT; };
		C98ECA6E1AB7C3BB0002A661 /* DataModel.h */ = {isa = PBXFileReference; fileEncoding = 4; lastKnownFileType = sourcecode.c.h; name = DataModel.h; path = ../DataModel.h; sourceTree = "<group>"; };
		C98ECA6F1AB7C3BB0002A661 /* DataModel.m */ = {isa = PBXFileReference; fileEncoding = 4; lastKnownFileType = sourcecode.c.objc; name = DataModel.m; path = ../DataModel.m; sourceTree = "<group>"; };
		C98ECA741AB7C4560002A661 /* InitialViewController.h */ = {isa = PBXFileReference; fileEncoding = 4; lastKnownFileType = sourcecode.c.h; path = InitialViewController.h; sourceTree = "<group>"; };
		C98ECA751AB7C4560002A661 /* InitialViewController.m */ = {isa = PBXFileReference; fileEncoding = 4; lastKnownFileType = sourcecode.c.objc; path = InitialViewController.m; sourceTree = "<group>"; };
		C9A1E8EF1AC0B92A00AE2621 /* PhotoViewViewController.h */ = {isa = PBXFileReference; fileEncoding = 4; lastKnownFileType = sourcecode.c.h; path = PhotoViewViewController.h; sourceTree = "<group>"; };
		C9A1E8F01AC0B92A00AE2621 /* PhotoViewViewController.m */ = {isa = PBXFileReference; fileEncoding = 4; lastKnownFileType = sourcecode.c.objc; path = PhotoViewViewController.m; sourceTree = "<group>"; };
		C9AC79081ABF820C000FAA28 /* AboutViewController.h */ = {isa = PBXFileReference; fileEncoding = 4; lastKnownFileType = sourcecode.c.h; path = AboutViewController.h; sourceTree = "<group>"; };
		C9AC79091ABF820C000FAA28 /* AboutViewController.m */ = {isa = PBXFileReference; fileEncoding = 4; lastKnownFileType = sourcecode.c.objc; path = AboutViewController.m; sourceTree = "<group>"; };
		C9B7867E1AD0407C00BE6076 /* pisu.ttf */ = {isa = PBXFileReference; lastKnownFileType = file; path = pisu.ttf; sourceTree = "<group>"; };
		C9B786801AD0410600BE6076 /* entsans.ttf */ = {isa = PBXFileReference; lastKnownFileType = file; path = entsans.ttf; sourceTree = "<group>"; };
		C9B986CE1AC602C000E0D025 /* AdminAboutViewController.h */ = {isa = PBXFileReference; fileEncoding = 4; lastKnownFileType = sourcecode.c.h; path = AdminAboutViewController.h; sourceTree = "<group>"; };
		C9B986CF1AC602C100E0D025 /* AdminAboutViewController.m */ = {isa = PBXFileReference; fileEncoding = 4; lastKnownFileType = sourcecode.c.objc; path = AdminAboutViewController.m; sourceTree = "<group>"; };
		C9B986D11AC6377600E0D025 /* AdminGalleryViewController.h */ = {isa = PBXFileReference; fileEncoding = 4; lastKnownFileType = sourcecode.c.h; path = AdminGalleryViewController.h; sourceTree = "<group>"; };
		C9B986D21AC6377600E0D025 /* AdminGalleryViewController.m */ = {isa = PBXFileReference; fileEncoding = 4; lastKnownFileType = sourcecode.c.objc; path = AdminGalleryViewController.m; sourceTree = "<group>"; };
		C9BA4CD31ACEFED200330EC4 /* Gasalt-Black.ttf */ = {isa = PBXFileReference; lastKnownFileType = file; path = "Gasalt-Black.ttf"; sourceTree = "<group>"; };
		C9BAB2D01ABE462200A050C2 /* BlogViewController.h */ = {isa = PBXFileReference; fileEncoding = 4; lastKnownFileType = sourcecode.c.h; path = BlogViewController.h; sourceTree = "<group>"; };
		C9BAB2D11ABE462200A050C2 /* BlogViewController.m */ = {isa = PBXFileReference; fileEncoding = 4; lastKnownFileType = sourcecode.c.objc; path = BlogViewController.m; sourceTree = "<group>"; };
		C9BABC831AD4C8F800D59C4D /* Images.xcassets */ = {isa = PBXFileReference; lastKnownFileType = folder.assetcatalog; path = Images.xcassets; sourceTree = "<group>"; };
		C9BBF5051ACE1AE2001BF439 /* MANIFESTO.ttf */ = {isa = PBXFileReference; lastKnownFileType = file; path = MANIFESTO.ttf; sourceTree = "<group>"; };
		C9BBF5071ACE1BD1001BF439 /* Track.ttf */ = {isa = PBXFileReference; lastKnownFileType = file; path = Track.ttf; sourceTree = "<group>"; };
		C9BBF5091ACE1C5D001BF439 /* Komoda.otf */ = {isa = PBXFileReference; lastKnownFileType = file; path = Komoda.otf; sourceTree = "<group>"; };
		C9BBF50B1ACE1F17001BF439 /* Walkway_UltraBold.ttf */ = {isa = PBXFileReference; lastKnownFileType = file; path = Walkway_UltraBold.ttf; sourceTree = "<group>"; };
		C9BBF5131ACE2ABF001BF439 /* TheMedic-Regular.ttf */ = {isa = PBXFileReference; lastKnownFileType = file; path = "TheMedic-Regular.ttf"; sourceTree = "<group>"; };
		C9BC0CBA1AB91B59000824DF /* RootViewController.h */ = {isa = PBXFileReference; fileEncoding = 4; lastKnownFileType = sourcecode.c.h; path = RootViewController.h; sourceTree = "<group>"; };
		C9BC0CBB1AB91B59000824DF /* RootViewController.m */ = {isa = PBXFileReference; fileEncoding = 4; lastKnownFileType = sourcecode.c.objc; path = RootViewController.m; sourceTree = "<group>"; };
		C9BC0CBD1AB91CF6000824DF /* GalleryViewController.h */ = {isa = PBXFileReference; fileEncoding = 4; lastKnownFileType = sourcecode.c.h; path = GalleryViewController.h; sourceTree = "<group>"; };
		C9BC0CBE1AB91CF6000824DF /* GalleryViewController.m */ = {isa = PBXFileReference; fileEncoding = 4; lastKnownFileType = sourcecode.c.objc; path = GalleryViewController.m; sourceTree = "<group>"; };
		C9BC0DE91ABBCBDF00393A73 /* GalleryCell.h */ = {isa = PBXFileReference; fileEncoding = 4; lastKnownFileType = sourcecode.c.h; path = GalleryCell.h; sourceTree = "<group>"; };
		C9BC0DEA1ABBCBDF00393A73 /* GalleryCell.m */ = {isa = PBXFileReference; fileEncoding = 4; lastKnownFileType = sourcecode.c.objc; path = GalleryCell.m; sourceTree = "<group>"; };
		C9BC4CE01AC4AE80005C0AC1 /* MessageUI.framework */ = {isa = PBXFileReference; lastKnownFileType = wrapper.framework; name = MessageUI.framework; path = System/Library/Frameworks/MessageUI.framework; sourceTree = SDKROOT; };
		C9BC4CE21AC4B5B2005C0AC1 /* NavigationController.h */ = {isa = PBXFileReference; fileEncoding = 4; lastKnownFileType = sourcecode.c.h; path = NavigationController.h; sourceTree = "<group>"; };
		C9BC4CE31AC4B5B2005C0AC1 /* NavigationController.m */ = {isa = PBXFileReference; fileEncoding = 4; lastKnownFileType = sourcecode.c.objc; path = NavigationController.m; sourceTree = "<group>"; };
		C9BC7AD31AD9E3B400AD1C88 /* ImagePicker.h */ = {isa = PBXFileReference; fileEncoding = 4; lastKnownFileType = sourcecode.c.h; path = ImagePicker.h; sourceTree = "<group>"; };
		C9BC7AD41AD9E3B400AD1C88 /* ImagePicker.m */ = {isa = PBXFileReference; fileEncoding = 4; lastKnownFileType = sourcecode.c.objc; path = ImagePicker.m; sourceTree = "<group>"; };
		C9C79B291AAFDD0500699CDD /* Photographer.app */ = {isa = PBXFileReference; explicitFileType = wrapper.application; includeInIndex = 0; path = Photographer.app; sourceTree = BUILT_PRODUCTS_DIR; };
		C9C79B2D1AAFDD0500699CDD /* Info.plist */ = {isa = PBXFileReference; lastKnownFileType = text.plist.xml; path = Info.plist; sourceTree = "<group>"; };
		C9C79B2E1AAFDD0500699CDD /* main.m */ = {isa = PBXFileReference; lastKnownFileType = sourcecode.c.objc; path = main.m; sourceTree = "<group>"; };
		C9C79B301AAFDD0500699CDD /* AppDelegate.h */ = {isa = PBXFileReference; lastKnownFileType = sourcecode.c.h; path = AppDelegate.h; sourceTree = "<group>"; };
		C9C79B311AAFDD0500699CDD /* AppDelegate.m */ = {isa = PBXFileReference; lastKnownFileType = sourcecode.c.objc; path = AppDelegate.m; sourceTree = "<group>"; };
		C9C79B371AAFDD0500699CDD /* Base */ = {isa = PBXFileReference; lastKnownFileType = file.storyboard; name = Base; path = Base.lproj/Main.storyboard; sourceTree = "<group>"; };
		C9C79B3C1AAFDD0500699CDD /* Base */ = {isa = PBXFileReference; lastKnownFileType = file.xib; name = Base; path = Base.lproj/LaunchScreen.xib; sourceTree = "<group>"; };
		C9C79B421AAFDD0500699CDD /* PhotographerTests.xctest */ = {isa = PBXFileReference; explicitFileType = wrapper.cfbundle; includeInIndex = 0; path = PhotographerTests.xctest; sourceTree = BUILT_PRODUCTS_DIR; };
		C9C79B471AAFDD0500699CDD /* Info.plist */ = {isa = PBXFileReference; lastKnownFileType = text.plist.xml; path = Info.plist; sourceTree = "<group>"; };
		C9C79B481AAFDD0500699CDD /* PhotographerTests.m */ = {isa = PBXFileReference; lastKnownFileType = sourcecode.c.objc; path = PhotographerTests.m; sourceTree = "<group>"; };
		C9CC16941AEC5C46002875D5 /* FeaturedAdminViewController.h */ = {isa = PBXFileReference; fileEncoding = 4; lastKnownFileType = sourcecode.c.h; path = FeaturedAdminViewController.h; sourceTree = "<group>"; };
		C9CC16951AEC5C46002875D5 /* FeaturedAdminViewController.m */ = {isa = PBXFileReference; fileEncoding = 4; lastKnownFileType = sourcecode.c.objc; path = FeaturedAdminViewController.m; sourceTree = "<group>"; };
		C9E054951AB9272000E6C0D0 /* ContactViewController.h */ = {isa = PBXFileReference; fileEncoding = 4; lastKnownFileType = sourcecode.c.h; path = ContactViewController.h; sourceTree = "<group>"; };
		C9E054961AB9272000E6C0D0 /* ContactViewController.m */ = {isa = PBXFileReference; fileEncoding = 4; lastKnownFileType = sourcecode.c.objc; path = ContactViewController.m; sourceTree = "<group>"; };
/* End PBXFileReference section */

/* Begin PBXFrameworksBuildPhase section */
		C9C79B261AAFDD0500699CDD /* Frameworks */ = {
			isa = PBXFrameworksBuildPhase;
			buildActionMask = 2147483647;
			files = (
				C98ECA5A1AB7AF650002A661 /* CoreGraphics.framework in Frameworks */,
				C97007331AD7664E00FAE440 /* OpenGLES.framework in Frameworks */,
				C9BC4CE11AC4AE80005C0AC1 /* MessageUI.framework in Frameworks */,
				C98ECA6A1AB7AFC60002A661 /* libsqlite3.dylib in Frameworks */,
				C98ECA681AB7AFB50002A661 /* libz.dylib in Frameworks */,
				C98ECA661AB7AFA30002A661 /* SystemConfiguration.framework in Frameworks */,
				C98ECA641AB7AF970002A661 /* StoreKit.framework in Frameworks */,
				C98ECA621AB7AF8C0002A661 /* Security.framework in Frameworks */,
				C98ECA601AB7AF840002A661 /* QuartzCore.framework in Frameworks */,
				C98ECA5E1AB7AF7B0002A661 /* MobileCoreServices.framework in Frameworks */,
				C98ECA5C1AB7AF700002A661 /* CoreLocation.framework in Frameworks */,
				C98ECA581AB7AF590002A661 /* CFNetwork.framework in Frameworks */,
				C98ECA561AB7AF4D0002A661 /* AudioToolbox.framework in Frameworks */,
				C98ECA511AB7AE950002A661 /* Parse.framework in Frameworks */,
				C98ECA521AB7AE950002A661 /* ParseCrashReporting.framework in Frameworks */,
				C98ECA541AB7AE950002A661 /* ParseUI.framework in Frameworks */,
				C98ECA531AB7AE950002A661 /* ParseFacebookUtils.framework in Frameworks */,
				C98ECA501AB7AE950002A661 /* Bolts.framework in Frameworks */,
			);
			runOnlyForDeploymentPostprocessing = 0;
		};
		C9C79B3F1AAFDD0500699CDD /* Frameworks */ = {
			isa = PBXFrameworksBuildPhase;
			buildActionMask = 2147483647;
			files = (
			);
			runOnlyForDeploymentPostprocessing = 0;
		};
/* End PBXFrameworksBuildPhase section */

/* Begin PBXGroup section */
		C98ECA4A1AB7AE950002A661 /* parse-library-1 */ = {
			isa = PBXGroup;
			children = (
				C97007321AD7664E00FAE440 /* OpenGLES.framework */,
				C9BC4CE01AC4AE80005C0AC1 /* MessageUI.framework */,
				C98ECA691AB7AFC60002A661 /* libsqlite3.dylib */,
				C98ECA671AB7AFB50002A661 /* libz.dylib */,
				C98ECA651AB7AFA30002A661 /* SystemConfiguration.framework */,
				C98ECA631AB7AF970002A661 /* StoreKit.framework */,
				C98ECA611AB7AF8C0002A661 /* Security.framework */,
				C98ECA5F1AB7AF840002A661 /* QuartzCore.framework */,
				C98ECA5D1AB7AF7B0002A661 /* MobileCoreServices.framework */,
				C98ECA5B1AB7AF700002A661 /* CoreLocation.framework */,
				C98ECA591AB7AF650002A661 /* CoreGraphics.framework */,
				C98ECA571AB7AF590002A661 /* CFNetwork.framework */,
				C98ECA551AB7AF4D0002A661 /* AudioToolbox.framework */,
				C98ECA4B1AB7AE950002A661 /* Bolts.framework */,
				C98ECA4C1AB7AE950002A661 /* Parse.framework */,
				C98ECA4D1AB7AE950002A661 /* ParseCrashReporting.framework */,
				C98ECA4E1AB7AE950002A661 /* ParseFacebookUtils.framework */,
				C98ECA4F1AB7AE950002A661 /* ParseUI.framework */,
			);
			path = "parse-library-1";
			sourceTree = "<group>";
		};
		C9C79B201AAFDD0400699CDD = {
			isa = PBXGroup;
			children = (
				C9C79B2B1AAFDD0500699CDD /* Photographer */,
				C9C79B451AAFDD0500699CDD /* PhotographerTests */,
				C9C79B2A1AAFDD0500699CDD /* Products */,
			);
			sourceTree = "<group>";
		};
		C9C79B2A1AAFDD0500699CDD /* Products */ = {
			isa = PBXGroup;
			children = (
				C9C79B291AAFDD0500699CDD /* Photographer.app */,
				C9C79B421AAFDD0500699CDD /* PhotographerTests.xctest */,
			);
			name = Products;
			sourceTree = "<group>";
		};
		C9C79B2B1AAFDD0500699CDD /* Photographer */ = {
			isa = PBXGroup;
			children = (
				C98ECA4A1AB7AE950002A661 /* parse-library-1 */,
				C9C79B301AAFDD0500699CDD /* AppDelegate.h */,
				C9C79B311AAFDD0500699CDD /* AppDelegate.m */,
				C98ECA741AB7C4560002A661 /* InitialViewController.h */,
				C98ECA751AB7C4560002A661 /* InitialViewController.m */,
				C9BC0CBA1AB91B59000824DF /* RootViewController.h */,
				C9BC0CBB1AB91B59000824DF /* RootViewController.m */,
				C9AC79081ABF820C000FAA28 /* AboutViewController.h */,
				C9AC79091ABF820C000FAA28 /* AboutViewController.m */,
				C9E054951AB9272000E6C0D0 /* ContactViewController.h */,
				C9E054961AB9272000E6C0D0 /* ContactViewController.m */,
				C9BC0CBD1AB91CF6000824DF /* GalleryViewController.h */,
				C9BC0CBE1AB91CF6000824DF /* GalleryViewController.m */,
				C9A1E8EF1AC0B92A00AE2621 /* PhotoViewViewController.h */,
				C9A1E8F01AC0B92A00AE2621 /* PhotoViewViewController.m */,
				C9BAB2D01ABE462200A050C2 /* BlogViewController.h */,
				C9BAB2D11ABE462200A050C2 /* BlogViewController.m */,
				C9C79B361AAFDD0500699CDD /* Main.storyboard */,
				C9BABC831AD4C8F800D59C4D /* Images.xcassets */,
				C9C79B3B1AAFDD0500699CDD /* LaunchScreen.xib */,
				C9C79B2C1AAFDD0500699CDD /* Supporting Files */,
				C98ECA471AB74E730002A661 /* MenuCell.h */,
				C98ECA481AB74E730002A661 /* MenuCell.m */,
				C9BC0DE91ABBCBDF00393A73 /* GalleryCell.h */,
				C9BC0DEA1ABBCBDF00393A73 /* GalleryCell.m */,
				C98ECA6E1AB7C3BB0002A661 /* DataModel.h */,
				C98ECA6F1AB7C3BB0002A661 /* DataModel.m */,
				C93FAC7B1ACB8CE300D79F50 /* Photograph.h */,
				C93FAC7C1ACB8CE300D79F50 /* Photograph.m */,
				C9BC4CE21AC4B5B2005C0AC1 /* NavigationController.h */,
				C9BC4CE31AC4B5B2005C0AC1 /* NavigationController.m */,
				C9B986CE1AC602C000E0D025 /* AdminAboutViewController.h */,
				C9B986CF1AC602C100E0D025 /* AdminAboutViewController.m */,
				C9B986D11AC6377600E0D025 /* AdminGalleryViewController.h */,
				C9B986D21AC6377600E0D025 /* AdminGalleryViewController.m */,
				C9CC16941AEC5C46002875D5 /* FeaturedAdminViewController.h */,
				C9CC16951AEC5C46002875D5 /* FeaturedAdminViewController.m */,
				C9BC7AD31AD9E3B400AD1C88 /* ImagePicker.h */,
				C9BC7AD41AD9E3B400AD1C88 /* ImagePicker.m */,
			);
			path = Photographer;
			sourceTree = "<group>";
		};
		C9C79B2C1AAFDD0500699CDD /* Supporting Files */ = {
			isa = PBXGroup;
			children = (
				C9C79B2D1AAFDD0500699CDD /* Info.plist */,
				C9C79B2E1AAFDD0500699CDD /* main.m */,
			);
			name = "Supporting Files";
			sourceTree = "<group>";
		};
		C9C79B451AAFDD0500699CDD /* PhotographerTests */ = {
			isa = PBXGroup;
			children = (
				C9C79B481AAFDD0500699CDD /* PhotographerTests.m */,
				C9C79B461AAFDD0500699CDD /* Supporting Files */,
			);
			path = PhotographerTests;
			sourceTree = "<group>";
		};
		C9C79B461AAFDD0500699CDD /* Supporting Files */ = {
			isa = PBXGroup;
			children = (
				C9BBF5131ACE2ABF001BF439 /* TheMedic-Regular.ttf */,
				C9B786801AD0410600BE6076 /* entsans.ttf */,
				C9BBF5051ACE1AE2001BF439 /* MANIFESTO.ttf */,
				C9BA4CD31ACEFED200330EC4 /* Gasalt-Black.ttf */,
				C9BBF50B1ACE1F17001BF439 /* Walkway_UltraBold.ttf */,
				C9B7867E1AD0407C00BE6076 /* pisu.ttf */,
				C9BBF5091ACE1C5D001BF439 /* Komoda.otf */,
				C9BBF5071ACE1BD1001BF439 /* Track.ttf */,
				C9C79B471AAFDD0500699CDD /* Info.plist */,
			);
			name = "Supporting Files";
			sourceTree = "<group>";
		};
/* End PBXGroup section */

/* Begin PBXNativeTarget section */
		C9C79B281AAFDD0500699CDD /* Photographer */ = {
			isa = PBXNativeTarget;
			buildConfigurationList = C9C79B4C1AAFDD0500699CDD /* Build configuration list for PBXNativeTarget "Photographer" */;
			buildPhases = (
				C9C79B251AAFDD0500699CDD /* Sources */,
				C9C79B261AAFDD0500699CDD /* Frameworks */,
				C9C79B271AAFDD0500699CDD /* Resources */,
			);
			buildRules = (
			);
			dependencies = (
			);
			name = Photographer;
			productName = Photographer;
			productReference = C9C79B291AAFDD0500699CDD /* Photographer.app */;
			productType = "com.apple.product-type.application";
		};
		C9C79B411AAFDD0500699CDD /* PhotographerTests */ = {
			isa = PBXNativeTarget;
			buildConfigurationList = C9C79B4F1AAFDD0500699CDD /* Build configuration list for PBXNativeTarget "PhotographerTests" */;
			buildPhases = (
				C9C79B3E1AAFDD0500699CDD /* Sources */,
				C9C79B3F1AAFDD0500699CDD /* Frameworks */,
				C9C79B401AAFDD0500699CDD /* Resources */,
			);
			buildRules = (
			);
			dependencies = (
				C9C79B441AAFDD0500699CDD /* PBXTargetDependency */,
			);
			name = PhotographerTests;
			productName = PhotographerTests;
			productReference = C9C79B421AAFDD0500699CDD /* PhotographerTests.xctest */;
			productType = "com.apple.product-type.bundle.unit-test";
		};
/* End PBXNativeTarget section */

/* Begin PBXProject section */
		C9C79B211AAFDD0400699CDD /* Project object */ = {
			isa = PBXProject;
			attributes = {
				LastUpgradeCheck = 0610;
				ORGANIZATIONNAME = Matt;
				TargetAttributes = {
					C9C79B281AAFDD0500699CDD = {
						CreatedOnToolsVersion = 6.1.1;
						DevelopmentTeam = DPC69RZ76Z;
					};
					C9C79B411AAFDD0500699CDD = {
						CreatedOnToolsVersion = 6.1.1;
						TestTargetID = C9C79B281AAFDD0500699CDD;
					};
				};
			};
			buildConfigurationList = C9C79B241AAFDD0400699CDD /* Build configuration list for PBXProject "Photographer" */;
			compatibilityVersion = "Xcode 3.2";
			developmentRegion = English;
			hasScannedForEncodings = 0;
			knownRegions = (
				en,
				Base,
			);
			mainGroup = C9C79B201AAFDD0400699CDD;
			productRefGroup = C9C79B2A1AAFDD0500699CDD /* Products */;
			projectDirPath = "";
			projectRoot = "";
			targets = (
				C9C79B281AAFDD0500699CDD /* Photographer */,
				C9C79B411AAFDD0500699CDD /* PhotographerTests */,
			);
		};
/* End PBXProject section */

/* Begin PBXResourcesBuildPhase section */
		C9C79B271AAFDD0500699CDD /* Resources */ = {
			isa = PBXResourcesBuildPhase;
			buildActionMask = 2147483647;
			files = (
				C9BBF50A1ACE1C5D001BF439 /* Komoda.otf in Resources */,
				C9B786811AD0410600BE6076 /* entsans.ttf in Resources */,
				C9BBF5081ACE1BD1001BF439 /* Track.ttf in Resources */,
				C9BBF5141ACE2ABF001BF439 /* TheMedic-Regular.ttf in Resources */,
				C9BABC841AD4C8F800D59C4D /* Images.xcassets in Resources */,
				C9C79B381AAFDD0500699CDD /* Main.storyboard in Resources */,
				C9BBF50C1ACE1F17001BF439 /* Walkway_UltraBold.ttf in Resources */,
				C9C79B3D1AAFDD0500699CDD /* LaunchScreen.xib in Resources */,
				C9BBF5061ACE1AE2001BF439 /* MANIFESTO.ttf in Resources */,
				C9BA4CD41ACEFED200330EC4 /* Gasalt-Black.ttf in Resources */,
				C9B7867F1AD0407C00BE6076 /* pisu.ttf in Resources */,
			);
			runOnlyForDeploymentPostprocessing = 0;
		};
		C9C79B401AAFDD0500699CDD /* Resources */ = {
			isa = PBXResourcesBuildPhase;
			buildActionMask = 2147483647;
			files = (
			);
			runOnlyForDeploymentPostprocessing = 0;
		};
/* End PBXResourcesBuildPhase section */

/* Begin PBXSourcesBuildPhase section */
		C9C79B251AAFDD0500699CDD /* Sources */ = {
			isa = PBXSourcesBuildPhase;
			buildActionMask = 2147483647;
			files = (
				C9C79B321AAFDD0500699CDD /* AppDelegate.m in Sources */,
				C9BC0CBC1AB91B59000824DF /* RootViewController.m in Sources */,
				C9B986D31AC6377600E0D025 /* AdminGalleryViewController.m in Sources */,
				C93FAC7D1ACB8CE300D79F50 /* Photograph.m in Sources */,
				C9BAB2D21ABE462200A050C2 /* BlogViewController.m in Sources */,
				C9BC4CE41AC4B5B2005C0AC1 /* NavigationController.m in Sources */,
				C9BC7AD51AD9E3B400AD1C88 /* ImagePicker.m in Sources */,
				C98ECA491AB74E730002A661 /* MenuCell.m in Sources */,
				C9BC0DEB1ABBCBDF00393A73 /* GalleryCell.m in Sources */,
				C98ECA761AB7C4560002A661 /* InitialViewController.m in Sources */,
				C9C79B2F1AAFDD0500699CDD /* main.m in Sources */,
				C9E054971AB9272000E6C0D0 /* ContactViewController.m in Sources */,
				C9CC16961AEC5C46002875D5 /* FeaturedAdminViewController.m in Sources */,
				C9A1E8F11AC0B92A00AE2621 /* PhotoViewViewController.m in Sources */,
				C9AC790A1ABF820C000FAA28 /* AboutViewController.m in Sources */,
				C9BC0CBF1AB91CF6000824DF /* GalleryViewController.m in Sources */,
				C9B986D01AC602C100E0D025 /* AdminAboutViewController.m in Sources */,
				C98ECA701AB7C3BB0002A661 /* DataModel.m in Sources */,
			);
			runOnlyForDeploymentPostprocessing = 0;
		};
		C9C79B3E1AAFDD0500699CDD /* Sources */ = {
			isa = PBXSourcesBuildPhase;
			buildActionMask = 2147483647;
			files = (
				C9C79B491AAFDD0500699CDD /* PhotographerTests.m in Sources */,
			);
			runOnlyForDeploymentPostprocessing = 0;
		};
/* End PBXSourcesBuildPhase section */

/* Begin PBXTargetDependency section */
		C9C79B441AAFDD0500699CDD /* PBXTargetDependency */ = {
			isa = PBXTargetDependency;
			target = C9C79B281AAFDD0500699CDD /* Photographer */;
			targetProxy = C9C79B431AAFDD0500699CDD /* PBXContainerItemProxy */;
		};
/* End PBXTargetDependency section */

/* Begin PBXVariantGroup section */
		C9C79B361AAFDD0500699CDD /* Main.storyboard */ = {
			isa = PBXVariantGroup;
			children = (
				C9C79B371AAFDD0500699CDD /* Base */,
			);
			name = Main.storyboard;
			sourceTree = "<group>";
		};
		C9C79B3B1AAFDD0500699CDD /* LaunchScreen.xib */ = {
			isa = PBXVariantGroup;
			children = (
				C9C79B3C1AAFDD0500699CDD /* Base */,
			);
			name = LaunchScreen.xib;
			sourceTree = "<group>";
		};
/* End PBXVariantGroup section */

/* Begin XCBuildConfiguration section */
		C9C79B4A1AAFDD0500699CDD /* Debug */ = {
			isa = XCBuildConfiguration;
			buildSettings = {
				ALWAYS_SEARCH_USER_PATHS = NO;
				CLANG_CXX_LANGUAGE_STANDARD = "gnu++0x";
				CLANG_CXX_LIBRARY = "libc++";
				CLANG_ENABLE_MODULES = YES;
				CLANG_ENABLE_OBJC_ARC = YES;
				CLANG_WARN_BOOL_CONVERSION = YES;
				CLANG_WARN_CONSTANT_CONVERSION = YES;
				CLANG_WARN_DIRECT_OBJC_ISA_USAGE = YES_ERROR;
				CLANG_WARN_EMPTY_BODY = YES;
				CLANG_WARN_ENUM_CONVERSION = YES;
				CLANG_WARN_INT_CONVERSION = YES;
				CLANG_WARN_OBJC_ROOT_CLASS = YES_ERROR;
				CLANG_WARN_UNREACHABLE_CODE = YES;
				CLANG_WARN__DUPLICATE_METHOD_MATCH = YES;
				"CODE_SIGN_IDENTITY[sdk=iphoneos*]" = "iPhone Developer";
				COPY_PHASE_STRIP = NO;
				ENABLE_STRICT_OBJC_MSGSEND = YES;
				GCC_C_LANGUAGE_STANDARD = gnu99;
				GCC_DYNAMIC_NO_PIC = NO;
				GCC_OPTIMIZATION_LEVEL = 0;
				GCC_PREPROCESSOR_DEFINITIONS = (
					"DEBUG=1",
					"$(inherited)",
				);
				GCC_SYMBOLS_PRIVATE_EXTERN = NO;
				GCC_WARN_64_TO_32_BIT_CONVERSION = YES;
				GCC_WARN_ABOUT_RETURN_TYPE = YES_ERROR;
				GCC_WARN_UNDECLARED_SELECTOR = YES;
				GCC_WARN_UNINITIALIZED_AUTOS = YES_AGGRESSIVE;
				GCC_WARN_UNUSED_FUNCTION = YES;
				GCC_WARN_UNUSED_VARIABLE = YES;
				IPHONEOS_DEPLOYMENT_TARGET = 8.1;
				MTL_ENABLE_DEBUG_INFO = YES;
				ONLY_ACTIVE_ARCH = YES;
				SDKROOT = iphoneos;
				TARGETED_DEVICE_FAMILY = "1,2";
			};
			name = Debug;
		};
		C9C79B4B1AAFDD0500699CDD /* Release */ = {
			isa = XCBuildConfiguration;
			buildSettings = {
				ALWAYS_SEARCH_USER_PATHS = NO;
				CLANG_CXX_LANGUAGE_STANDARD = "gnu++0x";
				CLANG_CXX_LIBRARY = "libc++";
				CLANG_ENABLE_MODULES = YES;
				CLANG_ENABLE_OBJC_ARC = YES;
				CLANG_WARN_BOOL_CONVERSION = YES;
				CLANG_WARN_CONSTANT_CONVERSION = YES;
				CLANG_WARN_DIRECT_OBJC_ISA_USAGE = YES_ERROR;
				CLANG_WARN_EMPTY_BODY = YES;
				CLANG_WARN_ENUM_CONVERSION = YES;
				CLANG_WARN_INT_CONVERSION = YES;
				CLANG_WARN_OBJC_ROOT_CLASS = YES_ERROR;
				CLANG_WARN_UNREACHABLE_CODE = YES;
				CLANG_WARN__DUPLICATE_METHOD_MATCH = YES;
				"CODE_SIGN_IDENTITY[sdk=iphoneos*]" = "iPhone Developer";
				COPY_PHASE_STRIP = YES;
				ENABLE_NS_ASSERTIONS = NO;
				ENABLE_STRICT_OBJC_MSGSEND = YES;
				GCC_C_LANGUAGE_STANDARD = gnu99;
				GCC_WARN_64_TO_32_BIT_CONVERSION = YES;
				GCC_WARN_ABOUT_RETURN_TYPE = YES_ERROR;
				GCC_WARN_UNDECLARED_SELECTOR = YES;
				GCC_WARN_UNINITIALIZED_AUTOS = YES_AGGRESSIVE;
				GCC_WARN_UNUSED_FUNCTION = YES;
				GCC_WARN_UNUSED_VARIABLE = YES;
				IPHONEOS_DEPLOYMENT_TARGET = 8.1;
				MTL_ENABLE_DEBUG_INFO = NO;
				SDKROOT = iphoneos;
				TARGETED_DEVICE_FAMILY = "1,2";
				VALIDATE_PRODUCT = YES;
			};
			name = Release;
		};
		C9C79B4D1AAFDD0500699CDD /* Debug */ = {
			isa = XCBuildConfiguration;
			buildSettings = {
				ASSETCATALOG_COMPILER_APPICON_NAME = AppIcon;
				CODE_SIGN_IDENTITY = "iPhone Developer";
				"CODE_SIGN_IDENTITY[sdk=iphoneos*]" = "iPhone Developer";
				FRAMEWORK_SEARCH_PATHS = (
					"$(inherited)",
					"$(PROJECT_DIR)/Photographer/parse-library-1",
				);
				INFOPLIST_FILE = Photographer/Info.plist;
				LD_RUNPATH_SEARCH_PATHS = "$(inherited) @executable_path/Frameworks";
				PRODUCT_NAME = "$(TARGET_NAME)";
				PROVISIONING_PROFILE = "";
			};
			name = Debug;
		};
		C9C79B4E1AAFDD0500699CDD /* Release */ = {
			isa = XCBuildConfiguration;
			buildSettings = {
				ASSETCATALOG_COMPILER_APPICON_NAME = AppIcon;
				CODE_SIGN_IDENTITY = "iPhone Developer";
				"CODE_SIGN_IDENTITY[sdk=iphoneos*]" = "iPhone Developer";
				FRAMEWORK_SEARCH_PATHS = (
					"$(inherited)",
					"$(PROJECT_DIR)/Photographer/parse-library-1",
				);
				INFOPLIST_FILE = Photographer/Info.plist;
				LD_RUNPATH_SEARCH_PATHS = "$(inherited) @executable_path/Frameworks";
				PRODUCT_NAME = "$(TARGET_NAME)";
				PROVISIONING_PROFILE = "";
			};
			name = Release;
		};
		C9C79B501AAFDD0500699CDD /* Debug */ = {
			isa = XCBuildConfiguration;
			buildSettings = {
				BUNDLE_LOADER = "$(TEST_HOST)";
				FRAMEWORK_SEARCH_PATHS = (
					"$(SDKROOT)/Developer/Library/Frameworks",
					"$(inherited)",
				);
				GCC_PREPROCESSOR_DEFINITIONS = (
					"DEBUG=1",
					"$(inherited)",
				);
				INFOPLIST_FILE = PhotographerTests/Info.plist;
				LD_RUNPATH_SEARCH_PATHS = "$(inherited) @executable_path/Frameworks @loader_path/Frameworks";
				PRODUCT_NAME = "$(TARGET_NAME)";
				TEST_HOST = "$(BUILT_PRODUCTS_DIR)/Photographer.app/Photographer";
			};
			name = Debug;
		};
		C9C79B511AAFDD0500699CDD /* Release */ = {
			isa = XCBuildConfiguration;
			buildSettings = {
				BUNDLE_LOADER = "$(TEST_HOST)";
				FRAMEWORK_SEARCH_PATHS = (
					"$(SDKROOT)/Developer/Library/Frameworks",
					"$(inherited)",
				);
				INFOPLIST_FILE = PhotographerTests/Info.plist;
				LD_RUNPATH_SEARCH_PATHS = "$(inherited) @executable_path/Frameworks @loader_path/Frameworks";
				PRODUCT_NAME = "$(TARGET_NAME)";
				TEST_HOST = "$(BUILT_PRODUCTS_DIR)/Photographer.app/Photographer";
			};
			name = Release;
		};
/* End XCBuildConfiguration section */

/* Begin XCConfigurationList section */
		C9C79B241AAFDD0400699CDD /* Build configuration list for PBXProject "Photographer" */ = {
			isa = XCConfigurationList;
			buildConfigurations = (
				C9C79B4A1AAFDD0500699CDD /* Debug */,
				C9C79B4B1AAFDD0500699CDD /* Release */,
			);
			defaultConfigurationIsVisible = 0;
			defaultConfigurationName = Release;
		};
		C9C79B4C1AAFDD0500699CDD /* Build configuration list for PBXNativeTarget "Photographer" */ = {
			isa = XCConfigurationList;
			buildConfigurations = (
				C9C79B4D1AAFDD0500699CDD /* Debug */,
				C9C79B4E1AAFDD0500699CDD /* Release */,
			);
			defaultConfigurationIsVisible = 0;
			defaultConfigurationName = Release;
		};
		C9C79B4F1AAFDD0500699CDD /* Build configuration list for PBXNativeTarget "PhotographerTests" */ = {
			isa = XCConfigurationList;
			buildConfigurations = (
				C9C79B501AAFDD0500699CDD /* Debug */,
				C9C79B511AAFDD0500699CDD /* Release */,
			);
			defaultConfigurationIsVisible = 0;
			defaultConfigurationName = Release;
		};
/* End XCConfigurationList section */
	};
	rootObject = C9C79B211AAFDD0400699CDD /* Project object */;
}
